// !$*UTF8*$!
{
	archiveVersion = 1;
	classes = {
	};
	objectVersion = 50;
	objects = {

/* Begin PBXBuildFile section */
		A503ECF92338C7BF00496884 /* Timeframe.swift in Sources */ = {isa = PBXBuildFile; fileRef = A503ECF82338C7BF00496884 /* Timeframe.swift */; };
		A503ECFB2338D09B00496884 /* Chart.swift in Sources */ = {isa = PBXBuildFile; fileRef = A503ECFA2338D09B00496884 /* Chart.swift */; };
		A503ECFF2338F28D00496884 /* ChartVC.swift in Sources */ = {isa = PBXBuildFile; fileRef = A503ECFE2338F28D00496884 /* ChartVC.swift */; };
		A503ED012339075700496884 /* PriceView.swift in Sources */ = {isa = PBXBuildFile; fileRef = A503ED002339075700496884 /* PriceView.swift */; };
		A503ED032339080A00496884 /* IndicatorView.swift in Sources */ = {isa = PBXBuildFile; fileRef = A503ED022339080A00496884 /* IndicatorView.swift */; };
		A503ED052339084F00496884 /* TimeView.swift in Sources */ = {isa = PBXBuildFile; fileRef = A503ED042339084F00496884 /* TimeView.swift */; };
		A50B4D3823465EF000A75BD5 /* Indicator.swift in Sources */ = {isa = PBXBuildFile; fileRef = A50B4D3723465EF000A75BD5 /* Indicator.swift */; };
		A50B4D3A23477DD300A75BD5 /* PreviousCodes.swift in Sources */ = {isa = PBXBuildFile; fileRef = A50B4D3923477DD300A75BD5 /* PreviousCodes.swift */; };
		A50F52E32347971E009B8FF8 /* CheckMarkTVCell.swift in Sources */ = {isa = PBXBuildFile; fileRef = A50F52E22347971E009B8FF8 /* CheckMarkTVCell.swift */; };
		A50F52E52347974B009B8FF8 /* DropDownTVCell.swift in Sources */ = {isa = PBXBuildFile; fileRef = A50F52E42347974B009B8FF8 /* DropDownTVCell.swift */; };
		A531628B232967D8000C00E0 /* ListCVCell.swift in Sources */ = {isa = PBXBuildFile; fileRef = A531628A232967D8000C00E0 /* ListCVCell.swift */; };
		A537C790235769D900DCFB12 /* Guidlines.swift in Sources */ = {isa = PBXBuildFile; fileRef = A537C78F235769D900DCFB12 /* Guidlines.swift */; };
		A5450FC523437D0F00B46963 /* RealTime.swift in Sources */ = {isa = PBXBuildFile; fileRef = A5450FC423437D0F00B46963 /* RealTime.swift */; };
		A5482B1F2356691E004192A4 /* AddLayerVC.swift in Sources */ = {isa = PBXBuildFile; fileRef = A5482B1E2356691E004192A4 /* AddLayerVC.swift */; };
		A548CE66232D803F006E1FF5 /* APIKey.swift in Sources */ = {isa = PBXBuildFile; fileRef = A548CE65232D803F006E1FF5 /* APIKey.swift */; };
		A54AEE8B2342641700073E1E /* Crosshair.swift in Sources */ = {isa = PBXBuildFile; fileRef = A54AEE8A2342641700073E1E /* Crosshair.swift */; };
		A54AEE8F23427E6A00073E1E /* PriceTracker.swift in Sources */ = {isa = PBXBuildFile; fileRef = A54AEE8E23427E6A00073E1E /* PriceTracker.swift */; };
		A554949A232CFA9B00140787 /* App.swift in Sources */ = {isa = PBXBuildFile; fileRef = A5549499232CFA9B00140787 /* App.swift */; };
		A554949F232CFFB900140787 /* ListVC.swift in Sources */ = {isa = PBXBuildFile; fileRef = A554949E232CFFB900140787 /* ListVC.swift */; };
		A556AB09253C804F00E6A244 /* OpenOrderReusableView.swift in Sources */ = {isa = PBXBuildFile; fileRef = A556AB08253C804F00E6A244 /* OpenOrderReusableView.swift */; };
		A55D581425618C9E00847390 /* Game.swift in Sources */ = {isa = PBXBuildFile; fileRef = A55D581325618C9E00847390 /* Game.swift */; };
		A55D58192561B53F00847390 /* GameOrder.swift in Sources */ = {isa = PBXBuildFile; fileRef = A55D58182561B53F00847390 /* GameOrder.swift */; };
		A55D581D2561B54900847390 /* GamePosition.swift in Sources */ = {isa = PBXBuildFile; fileRef = A55D581C2561B54900847390 /* GamePosition.swift */; };
		A55DE49723489FE300227C45 /* ColorCVCell.swift in Sources */ = {isa = PBXBuildFile; fileRef = A55DE49623489FE300227C45 /* ColorCVCell.swift */; };
		A55DE49923489FF800227C45 /* ColorCVCell.xib in Resources */ = {isa = PBXBuildFile; fileRef = A55DE49823489FF800227C45 /* ColorCVCell.xib */; };
		A55DE4A1234BC1E300227C45 /* SimpleTVCell.xib in Resources */ = {isa = PBXBuildFile; fileRef = A55DE4A0234BC1E300227C45 /* SimpleTVCell.xib */; };
		A55DE4A3234BC23400227C45 /* SimpleTVCell.swift in Sources */ = {isa = PBXBuildFile; fileRef = A55DE4A2234BC23400227C45 /* SimpleTVCell.swift */; };
		A566EC2D253EF8C80001920F /* SimpleCVCell.swift in Sources */ = {isa = PBXBuildFile; fileRef = A566EC2C253EF8C80001920F /* SimpleCVCell.swift */; };
		A567608B253C447E009B6BD8 /* WalletVC.swift in Sources */ = {isa = PBXBuildFile; fileRef = A567608A253C447E009B6BD8 /* WalletVC.swift */; };
		A567608E253C448E009B6BD8 /* PositionVC.swift in Sources */ = {isa = PBXBuildFile; fileRef = A567608D253C448E009B6BD8 /* PositionVC.swift */; };
		A5676094253C6C6E009B6BD8 /* DoubleLabelCVCell.swift in Sources */ = {isa = PBXBuildFile; fileRef = A5676093253C6C6E009B6BD8 /* DoubleLabelCVCell.swift */; };
		A5676097253C6C7B009B6BD8 /* LabelButtonCVCell.swift in Sources */ = {isa = PBXBuildFile; fileRef = A5676096253C6C7B009B6BD8 /* LabelButtonCVCell.swift */; };
		A567609B253C6CE1009B6BD8 /* PositionCVReusable.swift in Sources */ = {isa = PBXBuildFile; fileRef = A567609A253C6CE1009B6BD8 /* PositionCVReusable.swift */; };
		A572A835253C7D3B001B2BD2 /* OpenOrdersVC.swift in Sources */ = {isa = PBXBuildFile; fileRef = A572A834253C7D3B001B2BD2 /* OpenOrdersVC.swift */; };
		A573406223585C7C000505DB /* TimeframeVC.swift in Sources */ = {isa = PBXBuildFile; fileRef = A573406123585C7C000505DB /* TimeframeVC.swift */; };
		A573406423585FFA000505DB /* TimeframeCVCell.swift in Sources */ = {isa = PBXBuildFile; fileRef = A573406323585FFA000505DB /* TimeframeCVCell.swift */; };
		A57772E72328DC9900446914 /* Candle.swift in Sources */ = {isa = PBXBuildFile; fileRef = A57772E62328DC9900446914 /* Candle.swift */; };
		A57772ED2328DCAB00446914 /* Util.swift in Sources */ = {isa = PBXBuildFile; fileRef = A57772EA2328DCAB00446914 /* Util.swift */; };
		A57772EE2328DCAB00446914 /* WebSocket.swift in Sources */ = {isa = PBXBuildFile; fileRef = A57772EB2328DCAB00446914 /* WebSocket.swift */; };
		A5797DC5252C52790090D734 /* OrderVC.swift in Sources */ = {isa = PBXBuildFile; fileRef = A5797DC4252C52790090D734 /* OrderVC.swift */; };
		A57CA3A22328F47600304811 /* libz.1.1.3.tbd in Frameworks */ = {isa = PBXBuildFile; fileRef = A57CA3A12328F47600304811 /* libz.1.1.3.tbd */; };
		A57CA3A52329206400304811 /* Announcement.swift in Sources */ = {isa = PBXBuildFile; fileRef = A57CA3A42329206400304811 /* Announcement.swift */; };
		A57CA3A7232921B700304811 /* Execution.swift in Sources */ = {isa = PBXBuildFile; fileRef = A57CA3A6232921B700304811 /* Execution.swift */; };
		A57CA3A92329296F00304811 /* Funding.swift in Sources */ = {isa = PBXBuildFile; fileRef = A57CA3A82329296F00304811 /* Funding.swift */; };
		A57CA3AB23292AF900304811 /* GlobalNotification.swift in Sources */ = {isa = PBXBuildFile; fileRef = A57CA3AA23292AF900304811 /* GlobalNotification.swift */; };
		A57CA3AD23292D6900304811 /* Instrument.swift in Sources */ = {isa = PBXBuildFile; fileRef = A57CA3AC23292D6900304811 /* Instrument.swift */; };
		A57CA3AF2329323300304811 /* Insurance.swift in Sources */ = {isa = PBXBuildFile; fileRef = A57CA3AE2329323300304811 /* Insurance.swift */; };
		A57CA3B1232932A000304811 /* Leaderboard.swift in Sources */ = {isa = PBXBuildFile; fileRef = A57CA3B0232932A000304811 /* Leaderboard.swift */; };
		A57CA3B32329332000304811 /* Liquidation.swift in Sources */ = {isa = PBXBuildFile; fileRef = A57CA3B22329332000304811 /* Liquidation.swift */; };
		A57CA3B5232933B700304811 /* Order.swift in Sources */ = {isa = PBXBuildFile; fileRef = A57CA3B4232933B700304811 /* Order.swift */; };
		A57CA3B72329356600304811 /* OrderBookEntry.swift in Sources */ = {isa = PBXBuildFile; fileRef = A57CA3B62329356600304811 /* OrderBookEntry.swift */; };
		A57CA3B9232935D300304811 /* Position.swift in Sources */ = {isa = PBXBuildFile; fileRef = A57CA3B8232935D300304811 /* Position.swift */; };
		A57CA3BB232937C200304811 /* Quote.swift in Sources */ = {isa = PBXBuildFile; fileRef = A57CA3BA232937C200304811 /* Quote.swift */; };
		A57CA3BD2329387500304811 /* Stats.swift in Sources */ = {isa = PBXBuildFile; fileRef = A57CA3BC2329387500304811 /* Stats.swift */; };
		A57CA3BF232938E600304811 /* Trade.swift in Sources */ = {isa = PBXBuildFile; fileRef = A57CA3BE232938E600304811 /* Trade.swift */; };
		A57CA3C1232939BE00304811 /* User.swift in Sources */ = {isa = PBXBuildFile; fileRef = A57CA3C0232939BE00304811 /* User.swift */; };
		A57CA3C323293B3700304811 /* UserEvent.swift in Sources */ = {isa = PBXBuildFile; fileRef = A57CA3C223293B3700304811 /* UserEvent.swift */; };
		A57CA3C52329483000304811 /* Authentication.swift in Sources */ = {isa = PBXBuildFile; fileRef = A57CA3C42329483000304811 /* Authentication.swift */; };
		A58D45A0253D81E1005AB960 /* OBEntryCVCell.swift in Sources */ = {isa = PBXBuildFile; fileRef = A58D459F253D81E1005AB960 /* OBEntryCVCell.swift */; };
		A5944D6C235609F1004D4D4C /* LayersVC.swift in Sources */ = {isa = PBXBuildFile; fileRef = A5944D6B235609F1004D4D4C /* LayersVC.swift */; };
		A5944D6E23560D0E004D4D4C /* LayerSettingsVC.swift in Sources */ = {isa = PBXBuildFile; fileRef = A5944D6D23560D0E004D4D4C /* LayerSettingsVC.swift */; };
		A59F4CF023479C1100FE47AB /* CheckMarkTVCell.xib in Resources */ = {isa = PBXBuildFile; fileRef = A59F4CEF23479C1100FE47AB /* CheckMarkTVCell.xib */; };
		A59F4CF223479C1E00FE47AB /* DropDownTVCell.xib in Resources */ = {isa = PBXBuildFile; fileRef = A59F4CF123479C1E00FE47AB /* DropDownTVCell.xib */; };
		A5A06415233E2BF0001B1B85 /* SortCVHeader.swift in Sources */ = {isa = PBXBuildFile; fileRef = A5A06414233E2BF0001B1B85 /* SortCVHeader.swift */; };
		A5A2CA2B23409D3200B9692C /* GridView.swift in Sources */ = {isa = PBXBuildFile; fileRef = A5A2CA2A23409D3200B9692C /* GridView.swift */; };
		A5A54C342565BAAD00586AFE /* ToolsView.swift in Sources */ = {isa = PBXBuildFile; fileRef = A5A54C332565BAAD00586AFE /* ToolsView.swift */; };
		A5A54C3C2566EDCB00586AFE /* ToolsVC.swift in Sources */ = {isa = PBXBuildFile; fileRef = A5A54C3B2566EDCB00586AFE /* ToolsVC.swift */; };
		A5A5BD6523489A1C00A44A5F /* TextFieldTVCell.xib in Resources */ = {isa = PBXBuildFile; fileRef = A5A5BD6423489A1C00A44A5F /* TextFieldTVCell.xib */; };
		A5A5BD6723489A2700A44A5F /* TextFieldTVCell.swift in Sources */ = {isa = PBXBuildFile; fileRef = A5A5BD6623489A2700A44A5F /* TextFieldTVCell.swift */; };
		A5A72DB72348989F0028735B /* ColorTVCell.xib in Resources */ = {isa = PBXBuildFile; fileRef = A5A72DB62348989F0028735B /* ColorTVCell.xib */; };
		A5A72DB9234899AB0028735B /* ColorTVCell.swift in Sources */ = {isa = PBXBuildFile; fileRef = A5A72DB8234899AB0028735B /* ColorTVCell.swift */; };
		A5BCC42E25681590007C861F /* Tools.swift in Sources */ = {isa = PBXBuildFile; fileRef = A5BCC42D25681590007C861F /* Tools.swift */; };
		A5C89AEE233F660D00EDD98B /* DrawerBar.xib in Resources */ = {isa = PBXBuildFile; fileRef = A5C89AED233F660D00EDD98B /* DrawerBar.xib */; };
		A5C89AF0233F672700EDD98B /* DrawerBar.swift in Sources */ = {isa = PBXBuildFile; fileRef = A5C89AEF233F672700EDD98B /* DrawerBar.swift */; };
		A5CF5C4D233CEEFA00C7A301 /* ValueBar.swift in Sources */ = {isa = PBXBuildFile; fileRef = A5CF5C4C233CEEFA00C7A301 /* ValueBar.swift */; };
		A5CF5C56233DFA1900C7A301 /* SortVC.swift in Sources */ = {isa = PBXBuildFile; fileRef = A5CF5C55233DFA1900C7A301 /* SortVC.swift */; };
		A5CF5C58233DFAD900C7A301 /* Sort.swift in Sources */ = {isa = PBXBuildFile; fileRef = A5CF5C57233DFAD900C7A301 /* Sort.swift */; };
		A5CF5C5A233DFB3100C7A301 /* SortCVCell.swift in Sources */ = {isa = PBXBuildFile; fileRef = A5CF5C59233DFB3100C7A301 /* SortCVCell.swift */; };
		A5D0C270234F3CFC002BFD7C /* LayerTVCell.xib in Resources */ = {isa = PBXBuildFile; fileRef = A5D0C26F234F3CFC002BFD7C /* LayerTVCell.xib */; };
		A5D0C272234F3D10002BFD7C /* LayerTVCell.swift in Sources */ = {isa = PBXBuildFile; fileRef = A5D0C271234F3D10002BFD7C /* LayerTVCell.swift */; };
		A5D1A95423562B510092E2B7 /* ColorPickerVC.swift in Sources */ = {isa = PBXBuildFile; fileRef = A5D1A95323562B510092E2B7 /* ColorPickerVC.swift */; };
		A5DDB085252C7C14006FB3ED /* OrderBookProgressView.swift in Sources */ = {isa = PBXBuildFile; fileRef = A5DDB084252C7C14006FB3ED /* OrderBookProgressView.swift */; };
		A5F32B1E2327F185002A69C2 /* AppDelegate.swift in Sources */ = {isa = PBXBuildFile; fileRef = A5F32B1D2327F185002A69C2 /* AppDelegate.swift */; };
		A5F32B202327F185002A69C2 /* ViewController.swift in Sources */ = {isa = PBXBuildFile; fileRef = A5F32B1F2327F185002A69C2 /* ViewController.swift */; };
		A5F32B232327F185002A69C2 /* Main.storyboard in Resources */ = {isa = PBXBuildFile; fileRef = A5F32B212327F185002A69C2 /* Main.storyboard */; };
		A5F32B252327F18A002A69C2 /* Assets.xcassets in Resources */ = {isa = PBXBuildFile; fileRef = A5F32B242327F18A002A69C2 /* Assets.xcassets */; };
		A5F32B282327F18A002A69C2 /* LaunchScreen.storyboard in Resources */ = {isa = PBXBuildFile; fileRef = A5F32B262327F18A002A69C2 /* LaunchScreen.storyboard */; };
		A5FD3C68252918030081BE95 /* ListNavController.swift in Sources */ = {isa = PBXBuildFile; fileRef = A5FD3C67252918030081BE95 /* ListNavController.swift */; };
/* End PBXBuildFile section */

/* Begin PBXFileReference section */
		A503ECF82338C7BF00496884 /* Timeframe.swift */ = {isa = PBXFileReference; lastKnownFileType = sourcecode.swift; path = Timeframe.swift; sourceTree = "<group>"; };
		A503ECFA2338D09B00496884 /* Chart.swift */ = {isa = PBXFileReference; lastKnownFileType = sourcecode.swift; path = Chart.swift; sourceTree = "<group>"; };
		A503ECFE2338F28D00496884 /* ChartVC.swift */ = {isa = PBXFileReference; lastKnownFileType = sourcecode.swift; path = ChartVC.swift; sourceTree = "<group>"; };
		A503ED002339075700496884 /* PriceView.swift */ = {isa = PBXFileReference; lastKnownFileType = sourcecode.swift; path = PriceView.swift; sourceTree = "<group>"; };
		A503ED022339080A00496884 /* IndicatorView.swift */ = {isa = PBXFileReference; lastKnownFileType = sourcecode.swift; path = IndicatorView.swift; sourceTree = "<group>"; };
		A503ED042339084F00496884 /* TimeView.swift */ = {isa = PBXFileReference; lastKnownFileType = sourcecode.swift; path = TimeView.swift; sourceTree = "<group>"; };
		A50B4D3723465EF000A75BD5 /* Indicator.swift */ = {isa = PBXFileReference; lastKnownFileType = sourcecode.swift; path = Indicator.swift; sourceTree = "<group>"; };
		A50B4D3923477DD300A75BD5 /* PreviousCodes.swift */ = {isa = PBXFileReference; lastKnownFileType = sourcecode.swift; path = PreviousCodes.swift; sourceTree = "<group>"; };
		A50F52E22347971E009B8FF8 /* CheckMarkTVCell.swift */ = {isa = PBXFileReference; lastKnownFileType = sourcecode.swift; path = CheckMarkTVCell.swift; sourceTree = "<group>"; };
		A50F52E42347974B009B8FF8 /* DropDownTVCell.swift */ = {isa = PBXFileReference; lastKnownFileType = sourcecode.swift; path = DropDownTVCell.swift; sourceTree = "<group>"; };
		A51297E7233EA51A00ED72BC /* lucidagrande.ttf */ = {isa = PBXFileReference; lastKnownFileType = file; path = lucidagrande.ttf; sourceTree = "<group>"; };
		A531628A232967D8000C00E0 /* ListCVCell.swift */ = {isa = PBXFileReference; lastKnownFileType = sourcecode.swift; path = ListCVCell.swift; sourceTree = "<group>"; };
		A537C78F235769D900DCFB12 /* Guidlines.swift */ = {isa = PBXFileReference; lastKnownFileType = sourcecode.swift; path = Guidlines.swift; sourceTree = "<group>"; };
		A54296AC23522D8F008EF639 /* SFMono-Regular.otf */ = {isa = PBXFileReference; lastKnownFileType = file; path = "SFMono-Regular.otf"; sourceTree = "<group>"; };
		A54296AD23522D8F008EF639 /* SFMono-RegularItalic.otf */ = {isa = PBXFileReference; lastKnownFileType = file; path = "SFMono-RegularItalic.otf"; sourceTree = "<group>"; };
		A54296AE23522D90008EF639 /* SFMono-HeavyItalic.otf */ = {isa = PBXFileReference; lastKnownFileType = file; path = "SFMono-HeavyItalic.otf"; sourceTree = "<group>"; };
		A54296AF23522D90008EF639 /* SFMono-Bold.otf */ = {isa = PBXFileReference; lastKnownFileType = file; path = "SFMono-Bold.otf"; sourceTree = "<group>"; };
		A54296B023522D90008EF639 /* SFMono-BoldItalic.otf */ = {isa = PBXFileReference; lastKnownFileType = file; path = "SFMono-BoldItalic.otf"; sourceTree = "<group>"; };
		A54296B123522D90008EF639 /* SFMono-Semibold.otf */ = {isa = PBXFileReference; lastKnownFileType = file; path = "SFMono-Semibold.otf"; sourceTree = "<group>"; };
		A54296B223522D90008EF639 /* SFMono-Heavy.otf */ = {isa = PBXFileReference; lastKnownFileType = file; path = "SFMono-Heavy.otf"; sourceTree = "<group>"; };
		A54296B323522D90008EF639 /* SFMono-SemiboldItalic.otf */ = {isa = PBXFileReference; lastKnownFileType = file; path = "SFMono-SemiboldItalic.otf"; sourceTree = "<group>"; };
		A54296B423522D91008EF639 /* SFMono-Light.otf */ = {isa = PBXFileReference; lastKnownFileType = file; path = "SFMono-Light.otf"; sourceTree = "<group>"; };
		A54296B523522D91008EF639 /* SFMono-Medium.otf */ = {isa = PBXFileReference; lastKnownFileType = file; path = "SFMono-Medium.otf"; sourceTree = "<group>"; };
		A54296B623522D91008EF639 /* SFMono-LightItalic.otf */ = {isa = PBXFileReference; lastKnownFileType = file; path = "SFMono-LightItalic.otf"; sourceTree = "<group>"; };
		A54296B723522D91008EF639 /* SFMono-MediumItalic.otf */ = {isa = PBXFileReference; lastKnownFileType = file; path = "SFMono-MediumItalic.otf"; sourceTree = "<group>"; };
		A5450FC423437D0F00B46963 /* RealTime.swift */ = {isa = PBXFileReference; lastKnownFileType = sourcecode.swift; path = RealTime.swift; sourceTree = "<group>"; };
		A5482B1E2356691E004192A4 /* AddLayerVC.swift */ = {isa = PBXFileReference; lastKnownFileType = sourcecode.swift; path = AddLayerVC.swift; sourceTree = "<group>"; };
		A548CE65232D803F006E1FF5 /* APIKey.swift */ = {isa = PBXFileReference; lastKnownFileType = sourcecode.swift; path = APIKey.swift; sourceTree = "<group>"; };
		A54AEE8A2342641700073E1E /* Crosshair.swift */ = {isa = PBXFileReference; lastKnownFileType = sourcecode.swift; path = Crosshair.swift; sourceTree = "<group>"; };
		A54AEE8E23427E6A00073E1E /* PriceTracker.swift */ = {isa = PBXFileReference; lastKnownFileType = sourcecode.swift; path = PriceTracker.swift; sourceTree = "<group>"; };
		A5549499232CFA9B00140787 /* App.swift */ = {isa = PBXFileReference; lastKnownFileType = sourcecode.swift; path = App.swift; sourceTree = "<group>"; };
		A554949E232CFFB900140787 /* ListVC.swift */ = {isa = PBXFileReference; lastKnownFileType = sourcecode.swift; path = ListVC.swift; sourceTree = "<group>"; };
		A556AB08253C804F00E6A244 /* OpenOrderReusableView.swift */ = {isa = PBXFileReference; lastKnownFileType = sourcecode.swift; path = OpenOrderReusableView.swift; sourceTree = "<group>"; };
		A55D581325618C9E00847390 /* Game.swift */ = {isa = PBXFileReference; lastKnownFileType = sourcecode.swift; path = Game.swift; sourceTree = "<group>"; };
		A55D58182561B53F00847390 /* GameOrder.swift */ = {isa = PBXFileReference; lastKnownFileType = sourcecode.swift; path = GameOrder.swift; sourceTree = "<group>"; };
		A55D581C2561B54900847390 /* GamePosition.swift */ = {isa = PBXFileReference; lastKnownFileType = sourcecode.swift; path = GamePosition.swift; sourceTree = "<group>"; };
		A55DE49623489FE300227C45 /* ColorCVCell.swift */ = {isa = PBXFileReference; lastKnownFileType = sourcecode.swift; path = ColorCVCell.swift; sourceTree = "<group>"; };
		A55DE49823489FF800227C45 /* ColorCVCell.xib */ = {isa = PBXFileReference; lastKnownFileType = file.xib; path = ColorCVCell.xib; sourceTree = "<group>"; };
		A55DE4A0234BC1E300227C45 /* SimpleTVCell.xib */ = {isa = PBXFileReference; lastKnownFileType = file.xib; path = SimpleTVCell.xib; sourceTree = "<group>"; };
		A55DE4A2234BC23400227C45 /* SimpleTVCell.swift */ = {isa = PBXFileReference; lastKnownFileType = sourcecode.swift; path = SimpleTVCell.swift; sourceTree = "<group>"; };
		A566EC2C253EF8C80001920F /* SimpleCVCell.swift */ = {isa = PBXFileReference; lastKnownFileType = sourcecode.swift; path = SimpleCVCell.swift; sourceTree = "<group>"; };
		A567608A253C447E009B6BD8 /* WalletVC.swift */ = {isa = PBXFileReference; lastKnownFileType = sourcecode.swift; path = WalletVC.swift; sourceTree = "<group>"; };
		A567608D253C448E009B6BD8 /* PositionVC.swift */ = {isa = PBXFileReference; lastKnownFileType = sourcecode.swift; path = PositionVC.swift; sourceTree = "<group>"; };
		A5676093253C6C6E009B6BD8 /* DoubleLabelCVCell.swift */ = {isa = PBXFileReference; lastKnownFileType = sourcecode.swift; path = DoubleLabelCVCell.swift; sourceTree = "<group>"; };
		A5676096253C6C7B009B6BD8 /* LabelButtonCVCell.swift */ = {isa = PBXFileReference; lastKnownFileType = sourcecode.swift; path = LabelButtonCVCell.swift; sourceTree = "<group>"; };
		A567609A253C6CE1009B6BD8 /* PositionCVReusable.swift */ = {isa = PBXFileReference; lastKnownFileType = sourcecode.swift; path = PositionCVReusable.swift; sourceTree = "<group>"; };
		A572A834253C7D3B001B2BD2 /* OpenOrdersVC.swift */ = {isa = PBXFileReference; lastKnownFileType = sourcecode.swift; path = OpenOrdersVC.swift; sourceTree = "<group>"; };
		A573406123585C7C000505DB /* TimeframeVC.swift */ = {isa = PBXFileReference; lastKnownFileType = sourcecode.swift; path = TimeframeVC.swift; sourceTree = "<group>"; };
		A573406323585FFA000505DB /* TimeframeCVCell.swift */ = {isa = PBXFileReference; lastKnownFileType = sourcecode.swift; path = TimeframeCVCell.swift; sourceTree = "<group>"; };
		A57772E62328DC9900446914 /* Candle.swift */ = {isa = PBXFileReference; fileEncoding = 4; lastKnownFileType = sourcecode.swift; path = Candle.swift; sourceTree = "<group>"; };
		A57772EA2328DCAB00446914 /* Util.swift */ = {isa = PBXFileReference; fileEncoding = 4; lastKnownFileType = sourcecode.swift; path = Util.swift; sourceTree = "<group>"; };
		A57772EB2328DCAB00446914 /* WebSocket.swift */ = {isa = PBXFileReference; fileEncoding = 4; lastKnownFileType = sourcecode.swift; path = WebSocket.swift; sourceTree = "<group>"; };
		A5797DC4252C52790090D734 /* OrderVC.swift */ = {isa = PBXFileReference; lastKnownFileType = sourcecode.swift; path = OrderVC.swift; sourceTree = "<group>"; };
		A57CA3A12328F47600304811 /* libz.1.1.3.tbd */ = {isa = PBXFileReference; lastKnownFileType = "sourcecode.text-based-dylib-definition"; name = libz.1.1.3.tbd; path = usr/lib/libz.1.1.3.tbd; sourceTree = SDKROOT; };
		A57CA3A42329206400304811 /* Announcement.swift */ = {isa = PBXFileReference; lastKnownFileType = sourcecode.swift; path = Announcement.swift; sourceTree = "<group>"; };
		A57CA3A6232921B700304811 /* Execution.swift */ = {isa = PBXFileReference; lastKnownFileType = sourcecode.swift; path = Execution.swift; sourceTree = "<group>"; };
		A57CA3A82329296F00304811 /* Funding.swift */ = {isa = PBXFileReference; lastKnownFileType = sourcecode.swift; path = Funding.swift; sourceTree = "<group>"; };
		A57CA3AA23292AF900304811 /* GlobalNotification.swift */ = {isa = PBXFileReference; lastKnownFileType = sourcecode.swift; path = GlobalNotification.swift; sourceTree = "<group>"; };
		A57CA3AC23292D6900304811 /* Instrument.swift */ = {isa = PBXFileReference; lastKnownFileType = sourcecode.swift; path = Instrument.swift; sourceTree = "<group>"; };
		A57CA3AE2329323300304811 /* Insurance.swift */ = {isa = PBXFileReference; lastKnownFileType = sourcecode.swift; path = Insurance.swift; sourceTree = "<group>"; };
		A57CA3B0232932A000304811 /* Leaderboard.swift */ = {isa = PBXFileReference; lastKnownFileType = sourcecode.swift; path = Leaderboard.swift; sourceTree = "<group>"; };
		A57CA3B22329332000304811 /* Liquidation.swift */ = {isa = PBXFileReference; lastKnownFileType = sourcecode.swift; path = Liquidation.swift; sourceTree = "<group>"; };
		A57CA3B4232933B700304811 /* Order.swift */ = {isa = PBXFileReference; lastKnownFileType = sourcecode.swift; path = Order.swift; sourceTree = "<group>"; };
		A57CA3B62329356600304811 /* OrderBookEntry.swift */ = {isa = PBXFileReference; lastKnownFileType = sourcecode.swift; path = OrderBookEntry.swift; sourceTree = "<group>"; };
		A57CA3B8232935D300304811 /* Position.swift */ = {isa = PBXFileReference; lastKnownFileType = sourcecode.swift; path = Position.swift; sourceTree = "<group>"; };
		A57CA3BA232937C200304811 /* Quote.swift */ = {isa = PBXFileReference; lastKnownFileType = sourcecode.swift; path = Quote.swift; sourceTree = "<group>"; };
		A57CA3BC2329387500304811 /* Stats.swift */ = {isa = PBXFileReference; lastKnownFileType = sourcecode.swift; path = Stats.swift; sourceTree = "<group>"; };
		A57CA3BE232938E600304811 /* Trade.swift */ = {isa = PBXFileReference; lastKnownFileType = sourcecode.swift; path = Trade.swift; sourceTree = "<group>"; };
		A57CA3C0232939BE00304811 /* User.swift */ = {isa = PBXFileReference; lastKnownFileType = sourcecode.swift; path = User.swift; sourceTree = "<group>"; };
		A57CA3C223293B3700304811 /* UserEvent.swift */ = {isa = PBXFileReference; lastKnownFileType = sourcecode.swift; path = UserEvent.swift; sourceTree = "<group>"; };
		A57CA3C42329483000304811 /* Authentication.swift */ = {isa = PBXFileReference; lastKnownFileType = sourcecode.swift; path = Authentication.swift; sourceTree = "<group>"; };
		A58D459F253D81E1005AB960 /* OBEntryCVCell.swift */ = {isa = PBXFileReference; lastKnownFileType = sourcecode.swift; path = OBEntryCVCell.swift; sourceTree = "<group>"; };
		A5944D6B235609F1004D4D4C /* LayersVC.swift */ = {isa = PBXFileReference; lastKnownFileType = sourcecode.swift; path = LayersVC.swift; sourceTree = "<group>"; };
		A5944D6D23560D0E004D4D4C /* LayerSettingsVC.swift */ = {isa = PBXFileReference; lastKnownFileType = sourcecode.swift; path = LayerSettingsVC.swift; sourceTree = "<group>"; };
		A59F4CEF23479C1100FE47AB /* CheckMarkTVCell.xib */ = {isa = PBXFileReference; lastKnownFileType = file.xib; path = CheckMarkTVCell.xib; sourceTree = "<group>"; };
		A59F4CF123479C1E00FE47AB /* DropDownTVCell.xib */ = {isa = PBXFileReference; lastKnownFileType = file.xib; path = DropDownTVCell.xib; sourceTree = "<group>"; };
		A5A06414233E2BF0001B1B85 /* SortCVHeader.swift */ = {isa = PBXFileReference; lastKnownFileType = sourcecode.swift; path = SortCVHeader.swift; sourceTree = "<group>"; };
		A5A2CA2A23409D3200B9692C /* GridView.swift */ = {isa = PBXFileReference; lastKnownFileType = sourcecode.swift; path = GridView.swift; sourceTree = "<group>"; };
		A5A54C332565BAAD00586AFE /* ToolsView.swift */ = {isa = PBXFileReference; lastKnownFileType = sourcecode.swift; path = ToolsView.swift; sourceTree = "<group>"; };
		A5A54C3B2566EDCB00586AFE /* ToolsVC.swift */ = {isa = PBXFileReference; lastKnownFileType = sourcecode.swift; path = ToolsVC.swift; sourceTree = "<group>"; };
		A5A5BD6423489A1C00A44A5F /* TextFieldTVCell.xib */ = {isa = PBXFileReference; lastKnownFileType = file.xib; path = TextFieldTVCell.xib; sourceTree = "<group>"; };
		A5A5BD6623489A2700A44A5F /* TextFieldTVCell.swift */ = {isa = PBXFileReference; lastKnownFileType = sourcecode.swift; path = TextFieldTVCell.swift; sourceTree = "<group>"; };
		A5A72DB62348989F0028735B /* ColorTVCell.xib */ = {isa = PBXFileReference; lastKnownFileType = file.xib; path = ColorTVCell.xib; sourceTree = "<group>"; };
		A5A72DB8234899AB0028735B /* ColorTVCell.swift */ = {isa = PBXFileReference; lastKnownFileType = sourcecode.swift; path = ColorTVCell.swift; sourceTree = "<group>"; };
		A5BCC42D25681590007C861F /* Tools.swift */ = {isa = PBXFileReference; lastKnownFileType = sourcecode.swift; path = Tools.swift; sourceTree = "<group>"; };
		A5C89AED233F660D00EDD98B /* DrawerBar.xib */ = {isa = PBXFileReference; lastKnownFileType = file.xib; path = DrawerBar.xib; sourceTree = "<group>"; };
		A5C89AEF233F672700EDD98B /* DrawerBar.swift */ = {isa = PBXFileReference; lastKnownFileType = sourcecode.swift; path = DrawerBar.swift; sourceTree = "<group>"; };
		A5CF5C4C233CEEFA00C7A301 /* ValueBar.swift */ = {isa = PBXFileReference; lastKnownFileType = sourcecode.swift; path = ValueBar.swift; sourceTree = "<group>"; };
		A5CF5C55233DFA1900C7A301 /* SortVC.swift */ = {isa = PBXFileReference; lastKnownFileType = sourcecode.swift; path = SortVC.swift; sourceTree = "<group>"; };
		A5CF5C57233DFAD900C7A301 /* Sort.swift */ = {isa = PBXFileReference; lastKnownFileType = sourcecode.swift; path = Sort.swift; sourceTree = "<group>"; };
		A5CF5C59233DFB3100C7A301 /* SortCVCell.swift */ = {isa = PBXFileReference; lastKnownFileType = sourcecode.swift; path = SortCVCell.swift; sourceTree = "<group>"; };
		A5D0C26F234F3CFC002BFD7C /* LayerTVCell.xib */ = {isa = PBXFileReference; lastKnownFileType = file.xib; path = LayerTVCell.xib; sourceTree = "<group>"; };
		A5D0C271234F3D10002BFD7C /* LayerTVCell.swift */ = {isa = PBXFileReference; lastKnownFileType = sourcecode.swift; path = LayerTVCell.swift; sourceTree = "<group>"; };
		A5D1A95323562B510092E2B7 /* ColorPickerVC.swift */ = {isa = PBXFileReference; lastKnownFileType = sourcecode.swift; path = ColorPickerVC.swift; sourceTree = "<group>"; };
		A5DDB084252C7C14006FB3ED /* OrderBookProgressView.swift */ = {isa = PBXFileReference; lastKnownFileType = sourcecode.swift; path = OrderBookProgressView.swift; sourceTree = "<group>"; };
		A5F32B1A2327F185002A69C2 /* BitMEX.app */ = {isa = PBXFileReference; explicitFileType = wrapper.application; includeInIndex = 0; path = BitMEX.app; sourceTree = BUILT_PRODUCTS_DIR; };
		A5F32B1D2327F185002A69C2 /* AppDelegate.swift */ = {isa = PBXFileReference; lastKnownFileType = sourcecode.swift; path = AppDelegate.swift; sourceTree = "<group>"; };
		A5F32B1F2327F185002A69C2 /* ViewController.swift */ = {isa = PBXFileReference; lastKnownFileType = sourcecode.swift; path = ViewController.swift; sourceTree = "<group>"; };
		A5F32B222327F185002A69C2 /* Base */ = {isa = PBXFileReference; lastKnownFileType = file.storyboard; name = Base; path = Base.lproj/Main.storyboard; sourceTree = "<group>"; };
		A5F32B242327F18A002A69C2 /* Assets.xcassets */ = {isa = PBXFileReference; lastKnownFileType = folder.assetcatalog; path = Assets.xcassets; sourceTree = "<group>"; };
		A5F32B272327F18A002A69C2 /* Base */ = {isa = PBXFileReference; lastKnownFileType = file.storyboard; name = Base; path = Base.lproj/LaunchScreen.storyboard; sourceTree = "<group>"; };
		A5F32B292327F18A002A69C2 /* Info.plist */ = {isa = PBXFileReference; lastKnownFileType = text.plist.xml; path = Info.plist; sourceTree = "<group>"; };
		A5FD3C67252918030081BE95 /* ListNavController.swift */ = {isa = PBXFileReference; lastKnownFileType = sourcecode.swift; path = ListNavController.swift; sourceTree = "<group>"; };
/* End PBXFileReference section */

/* Begin PBXFrameworksBuildPhase section */
		A5F32B172327F185002A69C2 /* Frameworks */ = {
			isa = PBXFrameworksBuildPhase;
			buildActionMask = 2147483647;
			files = (
				A57CA3A22328F47600304811 /* libz.1.1.3.tbd in Frameworks */,
			);
			runOnlyForDeploymentPostprocessing = 0;
		};
/* End PBXFrameworksBuildPhase section */

/* Begin PBXGroup section */
		A50F52E62347975B009B8FF8 /* Views */ = {
			isa = PBXGroup;
			children = (
				A573406323585FFA000505DB /* TimeframeCVCell.swift */,
				A5C89AEF233F672700EDD98B /* DrawerBar.swift */,
				A5C89AED233F660D00EDD98B /* DrawerBar.xib */,
				A5A72DB8234899AB0028735B /* ColorTVCell.swift */,
				A5A72DB62348989F0028735B /* ColorTVCell.xib */,
				A5A5BD6623489A2700A44A5F /* TextFieldTVCell.swift */,
				A5A5BD6423489A1C00A44A5F /* TextFieldTVCell.xib */,
				A50F52E22347971E009B8FF8 /* CheckMarkTVCell.swift */,
				A59F4CEF23479C1100FE47AB /* CheckMarkTVCell.xib */,
				A50F52E42347974B009B8FF8 /* DropDownTVCell.swift */,
				A59F4CF123479C1E00FE47AB /* DropDownTVCell.xib */,
				A5D0C271234F3D10002BFD7C /* LayerTVCell.swift */,
				A5D0C26F234F3CFC002BFD7C /* LayerTVCell.xib */,
			);
			path = Views;
			sourceTree = "<group>";
		};
		A554949B232CFAA600140787 /* Chart */ = {
			isa = PBXGroup;
			children = (
				A503ECFE2338F28D00496884 /* ChartVC.swift */,
				A503ECFA2338D09B00496884 /* Chart.swift */,
				A573406123585C7C000505DB /* TimeframeVC.swift */,
				A5A54C3B2566EDCB00586AFE /* ToolsVC.swift */,
				A5944D6B235609F1004D4D4C /* LayersVC.swift */,
				A5482B1E2356691E004192A4 /* AddLayerVC.swift */,
				A5944D6D23560D0E004D4D4C /* LayerSettingsVC.swift */,
				A5D1A95323562B510092E2B7 /* ColorPickerVC.swift */,
				A5A54C332565BAAD00586AFE /* ToolsView.swift */,
				A5BCC42D25681590007C861F /* Tools.swift */,
				A503ED002339075700496884 /* PriceView.swift */,
				A503ED022339080A00496884 /* IndicatorView.swift */,
				A503ED042339084F00496884 /* TimeView.swift */,
				A5CF5C4C233CEEFA00C7A301 /* ValueBar.swift */,
				A5A2CA2A23409D3200B9692C /* GridView.swift */,
				A537C78F235769D900DCFB12 /* Guidlines.swift */,
				A54AEE8E23427E6A00073E1E /* PriceTracker.swift */,
				A54AEE8A2342641700073E1E /* Crosshair.swift */,
				A57772E62328DC9900446914 /* Candle.swift */,
				A50B4D3723465EF000A75BD5 /* Indicator.swift */,
				A50F52E62347975B009B8FF8 /* Views */,
			);
			path = Chart;
			sourceTree = "<group>";
		};
		A55D58172561B52C00847390 /* Game */ = {
			isa = PBXGroup;
			children = (
				A55D581325618C9E00847390 /* Game.swift */,
				A55D58182561B53F00847390 /* GameOrder.swift */,
				A55D581C2561B54900847390 /* GamePosition.swift */,
			);
			path = Game;
			sourceTree = "<group>";
		};
		A5676090253C6BFD009B6BD8 /* Wallet */ = {
			isa = PBXGroup;
			children = (
				A567608A253C447E009B6BD8 /* WalletVC.swift */,
			);
			path = Wallet;
			sourceTree = "<group>";
		};
		A5676091253C6C04009B6BD8 /* Position */ = {
			isa = PBXGroup;
			children = (
				A567608D253C448E009B6BD8 /* PositionVC.swift */,
				A5676093253C6C6E009B6BD8 /* DoubleLabelCVCell.swift */,
				A5676096253C6C7B009B6BD8 /* LabelButtonCVCell.swift */,
				A567609A253C6CE1009B6BD8 /* PositionCVReusable.swift */,
			);
			path = Position;
			sourceTree = "<group>";
		};
		A57772E82328DCAB00446914 /* Utility */ = {
			isa = PBXGroup;
			children = (
				A57772EA2328DCAB00446914 /* Util.swift */,
				A503ECF82338C7BF00496884 /* Timeframe.swift */,
				A57772EB2328DCAB00446914 /* WebSocket.swift */,
				A5CF5C57233DFAD900C7A301 /* Sort.swift */,
				A50B4D3923477DD300A75BD5 /* PreviousCodes.swift */,
				A55DE49623489FE300227C45 /* ColorCVCell.swift */,
				A55DE49823489FF800227C45 /* ColorCVCell.xib */,
				A55DE4A2234BC23400227C45 /* SimpleTVCell.swift */,
				A55DE4A0234BC1E300227C45 /* SimpleTVCell.xib */,
			);
			path = Utility;
			sourceTree = "<group>";
		};
		A5797DC7252C52930090D734 /* Order */ = {
			isa = PBXGroup;
			children = (
				A5797DC4252C52790090D734 /* OrderVC.swift */,
				A572A834253C7D3B001B2BD2 /* OpenOrdersVC.swift */,
				A556AB08253C804F00E6A244 /* OpenOrderReusableView.swift */,
				A5DDB084252C7C14006FB3ED /* OrderBookProgressView.swift */,
				A58D459F253D81E1005AB960 /* OBEntryCVCell.swift */,
				A566EC2C253EF8C80001920F /* SimpleCVCell.swift */,
			);
			path = Order;
			sourceTree = "<group>";
		};
		A57CA3A02328F47600304811 /* Frameworks */ = {
			isa = PBXGroup;
			children = (
				A57CA3A12328F47600304811 /* libz.1.1.3.tbd */,
			);
			name = Frameworks;
			sourceTree = "<group>";
		};
		A57CA3A32329204D00304811 /* API */ = {
			isa = PBXGroup;
			children = (
				A57CA3C42329483000304811 /* Authentication.swift */,
				A57CA3A42329206400304811 /* Announcement.swift */,
				A548CE65232D803F006E1FF5 /* APIKey.swift */,
				A57CA3A6232921B700304811 /* Execution.swift */,
				A57CA3A82329296F00304811 /* Funding.swift */,
				A57CA3AA23292AF900304811 /* GlobalNotification.swift */,
				A57CA3AC23292D6900304811 /* Instrument.swift */,
				A57CA3AE2329323300304811 /* Insurance.swift */,
				A57CA3B0232932A000304811 /* Leaderboard.swift */,
				A57CA3B22329332000304811 /* Liquidation.swift */,
				A57CA3B4232933B700304811 /* Order.swift */,
				A57CA3B62329356600304811 /* OrderBookEntry.swift */,
				A57CA3B8232935D300304811 /* Position.swift */,
				A57CA3BA232937C200304811 /* Quote.swift */,
				A57CA3BC2329387500304811 /* Stats.swift */,
				A57CA3BE232938E600304811 /* Trade.swift */,
				A57CA3C0232939BE00304811 /* User.swift */,
				A57CA3C223293B3700304811 /* UserEvent.swift */,
				A5450FC423437D0F00B46963 /* RealTime.swift */,
			);
			path = API;
			sourceTree = "<group>";
		};
		A5A2CA292340951500B9692C /* Assets */ = {
			isa = PBXGroup;
			children = (
				A51297E7233EA51A00ED72BC /* lucidagrande.ttf */,
				A54296AF23522D90008EF639 /* SFMono-Bold.otf */,
				A54296B023522D90008EF639 /* SFMono-BoldItalic.otf */,
				A54296B223522D90008EF639 /* SFMono-Heavy.otf */,
				A54296AE23522D90008EF639 /* SFMono-HeavyItalic.otf */,
				A54296B423522D91008EF639 /* SFMono-Light.otf */,
				A54296B623522D91008EF639 /* SFMono-LightItalic.otf */,
				A54296B523522D91008EF639 /* SFMono-Medium.otf */,
				A54296B723522D91008EF639 /* SFMono-MediumItalic.otf */,
				A54296AC23522D8F008EF639 /* SFMono-Regular.otf */,
				A54296AD23522D8F008EF639 /* SFMono-RegularItalic.otf */,
				A54296B123522D90008EF639 /* SFMono-Semibold.otf */,
				A54296B323522D90008EF639 /* SFMono-SemiboldItalic.otf */,
			);
			path = Assets;
			sourceTree = "<group>";
		};
		A5C63AF423300D1000AE7800 /* List */ = {
			isa = PBXGroup;
			children = (
				A5FD3C67252918030081BE95 /* ListNavController.swift */,
				A554949E232CFFB900140787 /* ListVC.swift */,
				A531628A232967D8000C00E0 /* ListCVCell.swift */,
				A5CF5C55233DFA1900C7A301 /* SortVC.swift */,
				A5CF5C59233DFB3100C7A301 /* SortCVCell.swift */,
				A5A06414233E2BF0001B1B85 /* SortCVHeader.swift */,
			);
			path = List;
			sourceTree = "<group>";
		};
		A5F32B112327F185002A69C2 = {
			isa = PBXGroup;
			children = (
				A5F32B1C2327F185002A69C2 /* BitMEX */,
				A5F32B1B2327F185002A69C2 /* Products */,
				A57CA3A02328F47600304811 /* Frameworks */,
			);
			sourceTree = "<group>";
		};
		A5F32B1B2327F185002A69C2 /* Products */ = {
			isa = PBXGroup;
			children = (
				A5F32B1A2327F185002A69C2 /* BitMEX.app */,
			);
			name = Products;
			sourceTree = "<group>";
		};
		A5F32B1C2327F185002A69C2 /* BitMEX */ = {
			isa = PBXGroup;
			children = (
				A5F32B1D2327F185002A69C2 /* AppDelegate.swift */,
				A5F32B1F2327F185002A69C2 /* ViewController.swift */,
				A5F32B212327F185002A69C2 /* Main.storyboard */,
				A5F32B242327F18A002A69C2 /* Assets.xcassets */,
				A5F32B262327F18A002A69C2 /* LaunchScreen.storyboard */,
				A5F32B292327F18A002A69C2 /* Info.plist */,
				A5549499232CFA9B00140787 /* App.swift */,
				A55D58172561B52C00847390 /* Game */,
				A5676090253C6BFD009B6BD8 /* Wallet */,
				A5676091253C6C04009B6BD8 /* Position */,
				A5797DC7252C52930090D734 /* Order */,
				A554949B232CFAA600140787 /* Chart */,
				A5C63AF423300D1000AE7800 /* List */,
				A57CA3A32329204D00304811 /* API */,
				A57772E82328DCAB00446914 /* Utility */,
				A5A2CA292340951500B9692C /* Assets */,
			);
			path = BitMEX;
			sourceTree = "<group>";
		};
/* End PBXGroup section */

/* Begin PBXNativeTarget section */
		A5F32B192327F185002A69C2 /* BitMEX */ = {
			isa = PBXNativeTarget;
			buildConfigurationList = A5F32B2C2327F18A002A69C2 /* Build configuration list for PBXNativeTarget "BitMEX" */;
			buildPhases = (
				A5F32B162327F185002A69C2 /* Sources */,
				A5F32B172327F185002A69C2 /* Frameworks */,
				A5F32B182327F185002A69C2 /* Resources */,
			);
			buildRules = (
			);
			dependencies = (
			);
			name = BitMEX;
			productName = BitMEX;
			productReference = A5F32B1A2327F185002A69C2 /* BitMEX.app */;
			productType = "com.apple.product-type.application";
		};
/* End PBXNativeTarget section */

/* Begin PBXProject section */
		A5F32B122327F185002A69C2 /* Project object */ = {
			isa = PBXProject;
			attributes = {
				LastSwiftUpdateCheck = 1030;
				LastUpgradeCheck = 1200;
				ORGANIZATIONNAME = "Behnam Karimi";
				TargetAttributes = {
					A5F32B192327F185002A69C2 = {
						CreatedOnToolsVersion = 10.3;
					};
				};
			};
			buildConfigurationList = A5F32B152327F185002A69C2 /* Build configuration list for PBXProject "BitMEX" */;
			compatibilityVersion = "Xcode 9.3";
			developmentRegion = en;
			hasScannedForEncodings = 0;
			knownRegions = (
				en,
				Base,
			);
			mainGroup = A5F32B112327F185002A69C2;
			productRefGroup = A5F32B1B2327F185002A69C2 /* Products */;
			projectDirPath = "";
			projectRoot = "";
			targets = (
				A5F32B192327F185002A69C2 /* BitMEX */,
			);
		};
/* End PBXProject section */

/* Begin PBXResourcesBuildPhase section */
		A5F32B182327F185002A69C2 /* Resources */ = {
			isa = PBXResourcesBuildPhase;
			buildActionMask = 2147483647;
			files = (
				A55DE49923489FF800227C45 /* ColorCVCell.xib in Resources */,
				A5F32B282327F18A002A69C2 /* LaunchScreen.storyboard in Resources */,
				A59F4CF023479C1100FE47AB /* CheckMarkTVCell.xib in Resources */,
				A5F32B252327F18A002A69C2 /* Assets.xcassets in Resources */,
				A55DE4A1234BC1E300227C45 /* SimpleTVCell.xib in Resources */,
				A5F32B232327F185002A69C2 /* Main.storyboard in Resources */,
				A59F4CF223479C1E00FE47AB /* DropDownTVCell.xib in Resources */,
				A5A72DB72348989F0028735B /* ColorTVCell.xib in Resources */,
				A5C89AEE233F660D00EDD98B /* DrawerBar.xib in Resources */,
				A5A5BD6523489A1C00A44A5F /* TextFieldTVCell.xib in Resources */,
				A5D0C270234F3CFC002BFD7C /* LayerTVCell.xib in Resources */,
			);
			runOnlyForDeploymentPostprocessing = 0;
		};
/* End PBXResourcesBuildPhase section */

/* Begin PBXSourcesBuildPhase section */
		A5F32B162327F185002A69C2 /* Sources */ = {
			isa = PBXSourcesBuildPhase;
			buildActionMask = 2147483647;
			files = (
				A5797DC5252C52790090D734 /* OrderVC.swift in Sources */,
				A57CA3B1232932A000304811 /* Leaderboard.swift in Sources */,
				A57772EE2328DCAB00446914 /* WebSocket.swift in Sources */,
				A5C89AF0233F672700EDD98B /* DrawerBar.swift in Sources */,
				A57CA3AD23292D6900304811 /* Instrument.swift in Sources */,
				A503ECFB2338D09B00496884 /* Chart.swift in Sources */,
				A567609B253C6CE1009B6BD8 /* PositionCVReusable.swift in Sources */,
				A573406223585C7C000505DB /* TimeframeVC.swift in Sources */,
				A55D581D2561B54900847390 /* GamePosition.swift in Sources */,
				A57CA3AB23292AF900304811 /* GlobalNotification.swift in Sources */,
				A5A72DB9234899AB0028735B /* ColorTVCell.swift in Sources */,
				A5D0C272234F3D10002BFD7C /* LayerTVCell.swift in Sources */,
				A572A835253C7D3B001B2BD2 /* OpenOrdersVC.swift in Sources */,
				A503ED032339080A00496884 /* IndicatorView.swift in Sources */,
				A57772E72328DC9900446914 /* Candle.swift in Sources */,
				A5944D6C235609F1004D4D4C /* LayersVC.swift in Sources */,
				A57CA3B32329332000304811 /* Liquidation.swift in Sources */,
				A50F52E52347974B009B8FF8 /* DropDownTVCell.swift in Sources */,
				A58D45A0253D81E1005AB960 /* OBEntryCVCell.swift in Sources */,
				A5BCC42E25681590007C861F /* Tools.swift in Sources */,
				A5CF5C4D233CEEFA00C7A301 /* ValueBar.swift in Sources */,
				A57772ED2328DCAB00446914 /* Util.swift in Sources */,
				A503ECF92338C7BF00496884 /* Timeframe.swift in Sources */,
				A5A54C342565BAAD00586AFE /* ToolsView.swift in Sources */,
				A57CA3BB232937C200304811 /* Quote.swift in Sources */,
				A50F52E32347971E009B8FF8 /* CheckMarkTVCell.swift in Sources */,
				A55DE49723489FE300227C45 /* ColorCVCell.swift in Sources */,
				A54AEE8B2342641700073E1E /* Crosshair.swift in Sources */,
				A57CA3B72329356600304811 /* OrderBookEntry.swift in Sources */,
				A5A5BD6723489A2700A44A5F /* TextFieldTVCell.swift in Sources */,
				A5A54C3C2566EDCB00586AFE /* ToolsVC.swift in Sources */,
				A55D58192561B53F00847390 /* GameOrder.swift in Sources */,
				A537C790235769D900DCFB12 /* Guidlines.swift in Sources */,
				A5CF5C56233DFA1900C7A301 /* SortVC.swift in Sources */,
				A5A06415233E2BF0001B1B85 /* SortCVHeader.swift in Sources */,
				A50B4D3823465EF000A75BD5 /* Indicator.swift in Sources */,
				A50B4D3A23477DD300A75BD5 /* PreviousCodes.swift in Sources */,
				A57CA3BD2329387500304811 /* Stats.swift in Sources */,
				A5A2CA2B23409D3200B9692C /* GridView.swift in Sources */,
				A57CA3C323293B3700304811 /* UserEvent.swift in Sources */,
				A57CA3C52329483000304811 /* Authentication.swift in Sources */,
				A5676094253C6C6E009B6BD8 /* DoubleLabelCVCell.swift in Sources */,
				A5944D6E23560D0E004D4D4C /* LayerSettingsVC.swift in Sources */,
				A554949A232CFA9B00140787 /* App.swift in Sources */,
				A5FD3C68252918030081BE95 /* ListNavController.swift in Sources */,
				A5482B1F2356691E004192A4 /* AddLayerVC.swift in Sources */,
				A567608E253C448E009B6BD8 /* PositionVC.swift in Sources */,
				A57CA3BF232938E600304811 /* Trade.swift in Sources */,
				A57CA3AF2329323300304811 /* Insurance.swift in Sources */,
				A5F32B202327F185002A69C2 /* ViewController.swift in Sources */,
				A57CA3B5232933B700304811 /* Order.swift in Sources */,
				A573406423585FFA000505DB /* TimeframeCVCell.swift in Sources */,
				A548CE66232D803F006E1FF5 /* APIKey.swift in Sources */,
				A5DDB085252C7C14006FB3ED /* OrderBookProgressView.swift in Sources */,
				A57CA3A92329296F00304811 /* Funding.swift in Sources */,
				A566EC2D253EF8C80001920F /* SimpleCVCell.swift in Sources */,
				A503ECFF2338F28D00496884 /* ChartVC.swift in Sources */,
				A531628B232967D8000C00E0 /* ListCVCell.swift in Sources */,
				A554949F232CFFB900140787 /* ListVC.swift in Sources */,
				A5D1A95423562B510092E2B7 /* ColorPickerVC.swift in Sources */,
				A55D581425618C9E00847390 /* Game.swift in Sources */,
				A503ED052339084F00496884 /* TimeView.swift in Sources */,
				A5450FC523437D0F00B46963 /* RealTime.swift in Sources */,
				A57CA3A52329206400304811 /* Announcement.swift in Sources */,
				A55DE4A3234BC23400227C45 /* SimpleTVCell.swift in Sources */,
				A567608B253C447E009B6BD8 /* WalletVC.swift in Sources */,
				A5F32B1E2327F185002A69C2 /* AppDelegate.swift in Sources */,
				A57CA3B9232935D300304811 /* Position.swift in Sources */,
				A556AB09253C804F00E6A244 /* OpenOrderReusableView.swift in Sources */,
				A54AEE8F23427E6A00073E1E /* PriceTracker.swift in Sources */,
				A5676097253C6C7B009B6BD8 /* LabelButtonCVCell.swift in Sources */,
				A503ED012339075700496884 /* PriceView.swift in Sources */,
				A5CF5C58233DFAD900C7A301 /* Sort.swift in Sources */,
				A57CA3A7232921B700304811 /* Execution.swift in Sources */,
				A5CF5C5A233DFB3100C7A301 /* SortCVCell.swift in Sources */,
				A57CA3C1232939BE00304811 /* User.swift in Sources */,
			);
			runOnlyForDeploymentPostprocessing = 0;
		};
/* End PBXSourcesBuildPhase section */

/* Begin PBXVariantGroup section */
		A5F32B212327F185002A69C2 /* Main.storyboard */ = {
			isa = PBXVariantGroup;
			children = (
				A5F32B222327F185002A69C2 /* Base */,
			);
			name = Main.storyboard;
			sourceTree = "<group>";
		};
		A5F32B262327F18A002A69C2 /* LaunchScreen.storyboard */ = {
			isa = PBXVariantGroup;
			children = (
				A5F32B272327F18A002A69C2 /* Base */,
			);
			name = LaunchScreen.storyboard;
			sourceTree = "<group>";
		};
/* End PBXVariantGroup section */

/* Begin XCBuildConfiguration section */
		A5F32B2A2327F18A002A69C2 /* Debug */ = {
			isa = XCBuildConfiguration;
			buildSettings = {
				ALWAYS_SEARCH_USER_PATHS = NO;
				CLANG_ANALYZER_NONNULL = YES;
				CLANG_ANALYZER_NUMBER_OBJECT_CONVERSION = YES_AGGRESSIVE;
				CLANG_CXX_LANGUAGE_STANDARD = "gnu++14";
				CLANG_CXX_LIBRARY = "libc++";
				CLANG_ENABLE_MODULES = YES;
				CLANG_ENABLE_OBJC_ARC = YES;
				CLANG_ENABLE_OBJC_WEAK = YES;
				CLANG_WARN_BLOCK_CAPTURE_AUTORELEASING = YES;
				CLANG_WARN_BOOL_CONVERSION = YES;
				CLANG_WARN_COMMA = YES;
				CLANG_WARN_CONSTANT_CONVERSION = YES;
				CLANG_WARN_DEPRECATED_OBJC_IMPLEMENTATIONS = YES;
				CLANG_WARN_DIRECT_OBJC_ISA_USAGE = YES_ERROR;
				CLANG_WARN_DOCUMENTATION_COMMENTS = YES;
				CLANG_WARN_EMPTY_BODY = YES;
				CLANG_WARN_ENUM_CONVERSION = YES;
				CLANG_WARN_INFINITE_RECURSION = YES;
				CLANG_WARN_INT_CONVERSION = YES;
				CLANG_WARN_NON_LITERAL_NULL_CONVERSION = YES;
				CLANG_WARN_OBJC_IMPLICIT_RETAIN_SELF = YES;
				CLANG_WARN_OBJC_LITERAL_CONVERSION = YES;
				CLANG_WARN_OBJC_ROOT_CLASS = YES_ERROR;
				CLANG_WARN_QUOTED_INCLUDE_IN_FRAMEWORK_HEADER = YES;
				CLANG_WARN_RANGE_LOOP_ANALYSIS = YES;
				CLANG_WARN_STRICT_PROTOTYPES = YES;
				CLANG_WARN_SUSPICIOUS_MOVE = YES;
				CLANG_WARN_UNGUARDED_AVAILABILITY = YES_AGGRESSIVE;
				CLANG_WARN_UNREACHABLE_CODE = YES;
				CLANG_WARN__DUPLICATE_METHOD_MATCH = YES;
				"CODE_SIGN_ENTITLEMENTS[sdk=*]" = "";
				CODE_SIGN_IDENTITY = "iPhone Developer";
				COPY_PHASE_STRIP = NO;
				DEBUG_INFORMATION_FORMAT = dwarf;
				"DEVELOPMENT_TEAM[sdk=iphoneos*]" = TG6M64J463;
				ENABLE_STRICT_OBJC_MSGSEND = YES;
				ENABLE_TESTABILITY = YES;
				GCC_C_LANGUAGE_STANDARD = gnu11;
				GCC_DYNAMIC_NO_PIC = NO;
				GCC_NO_COMMON_BLOCKS = YES;
				GCC_OPTIMIZATION_LEVEL = 0;
				GCC_PREPROCESSOR_DEFINITIONS = (
					"DEBUG=1",
					"$(inherited)",
				);
				GCC_WARN_64_TO_32_BIT_CONVERSION = YES;
				GCC_WARN_ABOUT_RETURN_TYPE = YES_ERROR;
				GCC_WARN_UNDECLARED_SELECTOR = YES;
				GCC_WARN_UNINITIALIZED_AUTOS = YES_AGGRESSIVE;
				GCC_WARN_UNUSED_FUNCTION = YES;
				GCC_WARN_UNUSED_VARIABLE = YES;
				IPHONEOS_DEPLOYMENT_TARGET = 12.4;
				MTL_ENABLE_DEBUG_INFO = INCLUDE_SOURCE;
				MTL_FAST_MATH = YES;
				ONLY_ACTIVE_ARCH = YES;
				SDKROOT = iphoneos;
				SWIFT_ACTIVE_COMPILATION_CONDITIONS = DEBUG;
				SWIFT_OPTIMIZATION_LEVEL = "-Onone";
			};
			name = Debug;
		};
		A5F32B2B2327F18A002A69C2 /* Release */ = {
			isa = XCBuildConfiguration;
			buildSettings = {
				ALWAYS_SEARCH_USER_PATHS = NO;
				CLANG_ANALYZER_NONNULL = YES;
				CLANG_ANALYZER_NUMBER_OBJECT_CONVERSION = YES_AGGRESSIVE;
				CLANG_CXX_LANGUAGE_STANDARD = "gnu++14";
				CLANG_CXX_LIBRARY = "libc++";
				CLANG_ENABLE_MODULES = YES;
				CLANG_ENABLE_OBJC_ARC = YES;
				CLANG_ENABLE_OBJC_WEAK = YES;
				CLANG_WARN_BLOCK_CAPTURE_AUTORELEASING = YES;
				CLANG_WARN_BOOL_CONVERSION = YES;
				CLANG_WARN_COMMA = YES;
				CLANG_WARN_CONSTANT_CONVERSION = YES;
				CLANG_WARN_DEPRECATED_OBJC_IMPLEMENTATIONS = YES;
				CLANG_WARN_DIRECT_OBJC_ISA_USAGE = YES_ERROR;
				CLANG_WARN_DOCUMENTATION_COMMENTS = YES;
				CLANG_WARN_EMPTY_BODY = YES;
				CLANG_WARN_ENUM_CONVERSION = YES;
				CLANG_WARN_INFINITE_RECURSION = YES;
				CLANG_WARN_INT_CONVERSION = YES;
				CLANG_WARN_NON_LITERAL_NULL_CONVERSION = YES;
				CLANG_WARN_OBJC_IMPLICIT_RETAIN_SELF = YES;
				CLANG_WARN_OBJC_LITERAL_CONVERSION = YES;
				CLANG_WARN_OBJC_ROOT_CLASS = YES_ERROR;
				CLANG_WARN_QUOTED_INCLUDE_IN_FRAMEWORK_HEADER = YES;
				CLANG_WARN_RANGE_LOOP_ANALYSIS = YES;
				CLANG_WARN_STRICT_PROTOTYPES = YES;
				CLANG_WARN_SUSPICIOUS_MOVE = YES;
				CLANG_WARN_UNGUARDED_AVAILABILITY = YES_AGGRESSIVE;
				CLANG_WARN_UNREACHABLE_CODE = YES;
				CLANG_WARN__DUPLICATE_METHOD_MATCH = YES;
				CODE_SIGN_IDENTITY = "iPhone Developer";
				COPY_PHASE_STRIP = NO;
				DEBUG_INFORMATION_FORMAT = "dwarf-with-dsym";
				"DEVELOPMENT_TEAM[sdk=*]" = TG6M64J463;
				ENABLE_NS_ASSERTIONS = NO;
				ENABLE_STRICT_OBJC_MSGSEND = YES;
				GCC_C_LANGUAGE_STANDARD = gnu11;
				GCC_NO_COMMON_BLOCKS = YES;
				GCC_WARN_64_TO_32_BIT_CONVERSION = YES;
				GCC_WARN_ABOUT_RETURN_TYPE = YES_ERROR;
				GCC_WARN_UNDECLARED_SELECTOR = YES;
				GCC_WARN_UNINITIALIZED_AUTOS = YES_AGGRESSIVE;
				GCC_WARN_UNUSED_FUNCTION = YES;
				GCC_WARN_UNUSED_VARIABLE = YES;
				IPHONEOS_DEPLOYMENT_TARGET = 12.4;
				MTL_ENABLE_DEBUG_INFO = NO;
				MTL_FAST_MATH = YES;
				SDKROOT = iphoneos;
				SWIFT_COMPILATION_MODE = wholemodule;
				SWIFT_OPTIMIZATION_LEVEL = "-O";
				VALIDATE_PRODUCT = YES;
			};
			name = Release;
		};
		A5F32B2D2327F18A002A69C2 /* Debug */ = {
			isa = XCBuildConfiguration;
			buildSettings = {
				ASSETCATALOG_COMPILER_APPICON_NAME = AppIcon;
				CODE_SIGN_STYLE = Automatic;
				DEVELOPMENT_TEAM = TG6M64J463;
				INFOPLIST_FILE = BitMEX/Info.plist;
				IPHONEOS_DEPLOYMENT_TARGET = 13.0;
				LD_RUNPATH_SEARCH_PATHS = (
					"$(inherited)",
					"@executable_path/Frameworks",
				);
				PRODUCT_BUNDLE_IDENTIFIER = com.behnamkarimi.BitMEX;
				PRODUCT_NAME = "$(TARGET_NAME)";
				SWIFT_VERSION = 5.0;
				TARGETED_DEVICE_FAMILY = "1,2";
			};
			name = Debug;
		};
		A5F32B2E2327F18A002A69C2 /* Release */ = {
			isa = XCBuildConfiguration;
			buildSettings = {
				ASSETCATALOG_COMPILER_APPICON_NAME = AppIcon;
				CODE_SIGN_STYLE = Automatic;
				DEVELOPMENT_TEAM = TG6M64J463;
				INFOPLIST_FILE = BitMEX/Info.plist;
				IPHONEOS_DEPLOYMENT_TARGET = 13.0;
				LD_RUNPATH_SEARCH_PATHS = (
					"$(inherited)",
					"@executable_path/Frameworks",
				);
				PRODUCT_BUNDLE_IDENTIFIER = com.behnamkarimi.BitMEX;
				PRODUCT_NAME = "$(TARGET_NAME)";
				SWIFT_VERSION = 5.0;
				TARGETED_DEVICE_FAMILY = "1,2";
			};
			name = Release;
		};
/* End XCBuildConfiguration section */

/* Begin XCConfigurationList section */
		A5F32B152327F185002A69C2 /* Build configuration list for PBXProject "BitMEX" */ = {
			isa = XCConfigurationList;
			buildConfigurations = (
				A5F32B2A2327F18A002A69C2 /* Debug */,
				A5F32B2B2327F18A002A69C2 /* Release */,
			);
			defaultConfigurationIsVisible = 0;
			defaultConfigurationName = Release;
		};
		A5F32B2C2327F18A002A69C2 /* Build configuration list for PBXNativeTarget "BitMEX" */ = {
			isa = XCConfigurationList;
			buildConfigurations = (
				A5F32B2D2327F18A002A69C2 /* Debug */,
				A5F32B2E2327F18A002A69C2 /* Release */,
			);
			defaultConfigurationIsVisible = 0;
			defaultConfigurationName = Release;
		};
/* End XCConfigurationList section */
	};
	rootObject = A5F32B122327F185002A69C2 /* Project object */;
}
